
Microsoft Visual Studio Solution File, Format Version 12.00
# Visual Studio Version 16
VisualStudioVersion = 16.0.30517.126
MinimumVisualStudioVersion = 10.0.40219.1
Project("{2150E333-8FDC-42A3-9474-1A3956D46DE8}") = "Server", "Server", "{8122C737-699F-4F96-9E78-C71DABE90096}"
EndProject
Project("{FAE04EC0-301F-11D3-BF4B-00C04F79EFBC}") = "SimpleChat.Server", "SimpleChat.Server\SimpleChat.Server.csproj", "{C2E49006-C9DF-4296-A6C9-F829DBF58823}"
EndProject
Global
	GlobalSection(SolutionConfigurationPlatforms) = preSolution
		Debug|Any CPU = Debug|Any CPU
		Release|Any CPU = Release|Any CPU
	EndGlobalSection
	GlobalSection(ProjectConfigurationPlatforms) = postSolution
		{C2E49006-C9DF-4296-A6C9-F829DBF58823}.Debug|Any CPU.ActiveCfg = Debug|Any CPU
		{C2E49006-C9DF-4296-A6C9-F829DBF58823}.Debug|Any CPU.Build.0 = Debug|Any CPU
		{C2E49006-C9DF-4296-A6C9-F829DBF58823}.Release|Any CPU.ActiveCfg = Release|Any CPU
		{C2E49006-C9DF-4296-A6C9-F829DBF58823}.Release|Any CPU.Build.0 = Release|Any CPU
	EndGlobalSection
	GlobalSection(SolutionProperties) = preSolution
		HideSolutionNode = FALSE
	EndGlobalSection
	GlobalSection(NestedProjects) = preSolution
		{C2E49006-C9DF-4296-A6C9-F829DBF58823} = {8122C737-699F-4F96-9E78-C71DABE90096}
	EndGlobalSection
	GlobalSection(ExtensibilityGlobals) = postSolution
		SolutionGuid = {A712D59B-7B78-418B-AE00-EE4A0F28D7A8}
	EndGlobalSection
EndGlobal
