
Microsoft Visual Studio Solution File, Format Version 12.00
# Visual Studio Version 16
VisualStudioVersion = 16.0.30517.126
MinimumVisualStudioVersion = 10.0.40219.1
Project("{2150E333-8FDC-42A3-9474-1A3956D46DE8}") = "Server", "Server", "{5C2C0787-9A9D-44FE-8E54-D0ECC1A3B38B}"
EndProject
Project("{FAE04EC0-301F-11D3-BF4B-00C04F79EFBC}") = "SimpleChat.Server.CMD", "SimpleChat.Server.CMD\SimpleChat.Server.CMD.csproj", "{EBAAAF93-40E2-4206-948E-1827CA435094}"
EndProject
Global
	GlobalSection(SolutionConfigurationPlatforms) = preSolution
		Debug|Any CPU = Debug|Any CPU
		Release|Any CPU = Release|Any CPU
	EndGlobalSection
	GlobalSection(ProjectConfigurationPlatforms) = postSolution
		{EBAAAF93-40E2-4206-948E-1827CA435094}.Debug|Any CPU.ActiveCfg = Debug|Any CPU
		{EBAAAF93-40E2-4206-948E-1827CA435094}.Debug|Any CPU.Build.0 = Debug|Any CPU
		{EBAAAF93-40E2-4206-948E-1827CA435094}.Release|Any CPU.ActiveCfg = Release|Any CPU
		{EBAAAF93-40E2-4206-948E-1827CA435094}.Release|Any CPU.Build.0 = Release|Any CPU
	EndGlobalSection
	GlobalSection(SolutionProperties) = preSolution
		HideSolutionNode = FALSE
	EndGlobalSection
	GlobalSection(NestedProjects) = preSolution
		{EBAAAF93-40E2-4206-948E-1827CA435094} = {5C2C0787-9A9D-44FE-8E54-D0ECC1A3B38B}
	EndGlobalSection
	GlobalSection(ExtensibilityGlobals) = postSolution
		SolutionGuid = {A712D59B-7B78-418B-AE00-EE4A0F28D7A8}
	EndGlobalSection
EndGlobal
